
Microsoft Visual Studio Solution File, Format Version 12.00
# Visual Studio Version 17
VisualStudioVersion = 17.0.31903.59
MinimumVisualStudioVersion = 10.0.40219.1
Project("{FAE04EC0-301F-11D3-BF4B-00C04F79EFBC}") = "API", "API\API.csproj", "{E59C99D5-7CF2-41C2-A405-1DFAE368A4A7}"
EndProject
Project("{FAE04EC0-301F-11D3-BF4B-00C04F79EFBC}") = "Core", "Core\Core.csproj", "{642EF7A3-2D81-40FB-82A7-0CF732C7F723}"
EndProject
Project("{FAE04EC0-301F-11D3-BF4B-00C04F79EFBC}") = "Infrastructure", "Infrastructure\Infrastructure.csproj", "{37DDDA47-0EA9-4AF5-B87A-20733F6FCDD9}"
EndProject
Global
	GlobalSection(SolutionConfigurationPlatforms) = preSolution
		Debug|Any CPU = Debug|Any CPU
		Release|Any CPU = Release|Any CPU
	EndGlobalSection
	GlobalSection(SolutionProperties) = preSolution
		HideSolutionNode = FALSE
	EndGlobalSection
	GlobalSection(ProjectConfigurationPlatforms) = postSolution
		{E59C99D5-7CF2-41C2-A405-1DFAE368A4A7}.Debug|Any CPU.ActiveCfg = Debug|Any CPU
		{E59C99D5-7CF2-41C2-A405-1DFAE368A4A7}.Debug|Any CPU.Build.0 = Debug|Any CPU
		{E59C99D5-7CF2-41C2-A405-1DFAE368A4A7}.Release|Any CPU.ActiveCfg = Release|Any CPU
		{E59C99D5-7CF2-41C2-A405-1DFAE368A4A7}.Release|Any CPU.Build.0 = Release|Any CPU
		{642EF7A3-2D81-40FB-82A7-0CF732C7F723}.Debug|Any CPU.ActiveCfg = Debug|Any CPU
		{642EF7A3-2D81-40FB-82A7-0CF732C7F723}.Debug|Any CPU.Build.0 = Debug|Any CPU
		{642EF7A3-2D81-40FB-82A7-0CF732C7F723}.Release|Any CPU.ActiveCfg = Release|Any CPU
		{642EF7A3-2D81-40FB-82A7-0CF732C7F723}.Release|Any CPU.Build.0 = Release|Any CPU
		{37DDDA47-0EA9-4AF5-B87A-20733F6FCDD9}.Debug|Any CPU.ActiveCfg = Debug|Any CPU
		{37DDDA47-0EA9-4AF5-B87A-20733F6FCDD9}.Debug|Any CPU.Build.0 = Debug|Any CPU
		{37DDDA47-0EA9-4AF5-B87A-20733F6FCDD9}.Release|Any CPU.ActiveCfg = Release|Any CPU
		{37DDDA47-0EA9-4AF5-B87A-20733F6FCDD9}.Release|Any CPU.Build.0 = Release|Any CPU
	EndGlobalSection
EndGlobal
